// !$*UTF8*$!
{
	archiveVersion = 1;
	classes = {
	};
	objectVersion = 46;
	objects = {

/* Begin PBXBuildFile section */
		59C9A691A39361DD47FD045E /* Pods.framework in Frameworks */ = {isa = PBXBuildFile; fileRef = ADD6E0A3824B6E185B3732F1 /* Pods.framework */; };
		7805EB4A1DC2F73B00C95DA9 /* FavoriteViewController.swift in Sources */ = {isa = PBXBuildFile; fileRef = 7805EB491DC2F73B00C95DA9 /* FavoriteViewController.swift */; };
		7805EB4C1DC2F79600C95DA9 /* FavoriteCell.swift in Sources */ = {isa = PBXBuildFile; fileRef = 7805EB4B1DC2F79600C95DA9 /* FavoriteCell.swift */; };
		7805EB4E1DC2F7C200C95DA9 /* FavoriteCell.xib in Resources */ = {isa = PBXBuildFile; fileRef = 7805EB4D1DC2F7C200C95DA9 /* FavoriteCell.xib */; };
		7805EB501DC330FF00C95DA9 /* SearchViewController.swift in Sources */ = {isa = PBXBuildFile; fileRef = 7805EB4F1DC330FF00C95DA9 /* SearchViewController.swift */; };
		7808DA9B1DD01F390014E129 /* FavoriteListViewController.swift in Sources */ = {isa = PBXBuildFile; fileRef = 7808DA9A1DD01F390014E129 /* FavoriteListViewController.swift */; };
		7808DA9D1DD01F450014E129 /* FavoriteMapViewController.swift in Sources */ = {isa = PBXBuildFile; fileRef = 7808DA9C1DD01F450014E129 /* FavoriteMapViewController.swift */; };
		7808DA9F1DD027D70014E129 /* FavoriteMapView.swift in Sources */ = {isa = PBXBuildFile; fileRef = 7808DA9E1DD027D70014E129 /* FavoriteMapView.swift */; };
		7808DAA11DD02AB40014E129 /* InformationView.swift in Sources */ = {isa = PBXBuildFile; fileRef = 7808DAA01DD02AB40014E129 /* InformationView.swift */; };
		7808DAA31DD02ABD0014E129 /* InformationView.xib in Resources */ = {isa = PBXBuildFile; fileRef = 7808DAA21DD02ABD0014E129 /* InformationView.xib */; };
		7808DAA61DD031F10014E129 /* next.png in Resources */ = {isa = PBXBuildFile; fileRef = 7808DAA41DD031F10014E129 /* next.png */; };
		7808DAA71DD031F10014E129 /* prev.png in Resources */ = {isa = PBXBuildFile; fileRef = 7808DAA51DD031F10014E129 /* prev.png */; };
		781841681DCF1F780000500A /* ArticleMapView.swift in Sources */ = {isa = PBXBuildFile; fileRef = 781841671DCF1F780000500A /* ArticleMapView.swift */; };
		7818416A1DCF1F850000500A /* ArticleMapView.xib in Resources */ = {isa = PBXBuildFile; fileRef = 781841691DCF1F850000500A /* ArticleMapView.xib */; };
		7818416C1DCF298C0000500A /* back.png in Resources */ = {isa = PBXBuildFile; fileRef = 7818416B1DCF298C0000500A /* back.png */; };
		7818416E1DCF2EF40000500A /* FavoriteList.storyboard in Resources */ = {isa = PBXBuildFile; fileRef = 7818416D1DCF2EF40000500A /* FavoriteList.storyboard */; };
		781841701DCF2EFC0000500A /* FavoriteMap.storyboard in Resources */ = {isa = PBXBuildFile; fileRef = 7818416F1DCF2EFC0000500A /* FavoriteMap.storyboard */; };
		781841721DCF309C0000500A /* Colors.swift in Sources */ = {isa = PBXBuildFile; fileRef = 781841711DCF309C0000500A /* Colors.swift */; };
		7820361B1DC33C570045D5A6 /* SearchResultViewController.swift in Sources */ = {isa = PBXBuildFile; fileRef = 7820361A1DC33C570045D5A6 /* SearchResultViewController.swift */; };
		7820361D1DC33C610045D5A6 /* SearchResult.storyboard in Resources */ = {isa = PBXBuildFile; fileRef = 7820361C1DC33C610045D5A6 /* SearchResult.storyboard */; };
		782FDB051DD0B948000112CF /* rss_gray.png in Resources */ = {isa = PBXBuildFile; fileRef = 782FDB041DD0B948000112CF /* rss_gray.png */; };
		785E9C171DCE1D4C000526B1 /* rss.png in Resources */ = {isa = PBXBuildFile; fileRef = 785E9C161DCE1D4C000526B1 /* rss.png */; };
		785E9C181DCE2CFD000526B1 /* GothamRounded-Medium.otf in Resources */ = {isa = PBXBuildFile; fileRef = 785E9C101DCE1A6B000526B1 /* GothamRounded-Medium.otf */; };
		785E9C191DCE2CFE000526B1 /* GothamRounded-Medium.otf in Resources */ = {isa = PBXBuildFile; fileRef = 785E9C101DCE1A6B000526B1 /* GothamRounded-Medium.otf */; };
		785E9C1A1DCE2CFE000526B1 /* GothamRounded-Medium.otf in Resources */ = {isa = PBXBuildFile; fileRef = 785E9C101DCE1A6B000526B1 /* GothamRounded-Medium.otf */; };
		785E9C1B1DCE2D5B000526B1 /* GothamRounded_Bold.otf in Resources */ = {isa = PBXBuildFile; fileRef = 785E9C0A1DCE1A6B000526B1 /* GothamRounded_Bold.otf */; };
		785E9C1C1DCE2D5C000526B1 /* GothamRounded_Bold.otf in Resources */ = {isa = PBXBuildFile; fileRef = 785E9C0A1DCE1A6B000526B1 /* GothamRounded_Bold.otf */; };
		785E9C1D1DCE2D5C000526B1 /* GothamRounded_Bold.otf in Resources */ = {isa = PBXBuildFile; fileRef = 785E9C0A1DCE1A6B000526B1 /* GothamRounded_Bold.otf */; };
		785E9C1E1DCE2D5F000526B1 /* GothamRounded-BoldItalic.otf in Resources */ = {isa = PBXBuildFile; fileRef = 785E9C0B1DCE1A6B000526B1 /* GothamRounded-BoldItalic.otf */; };
		785E9C1F1DCE2D60000526B1 /* GothamRounded-BoldItalic.otf in Resources */ = {isa = PBXBuildFile; fileRef = 785E9C0B1DCE1A6B000526B1 /* GothamRounded-BoldItalic.otf */; };
		785E9C201DCE2D61000526B1 /* GothamRounded-BoldItalic.otf in Resources */ = {isa = PBXBuildFile; fileRef = 785E9C0B1DCE1A6B000526B1 /* GothamRounded-BoldItalic.otf */; };
		785E9C211DCE2D64000526B1 /* GothamRounded-Book.otf in Resources */ = {isa = PBXBuildFile; fileRef = 785E9C0C1DCE1A6B000526B1 /* GothamRounded-Book.otf */; };
		785E9C221DCE2D65000526B1 /* GothamRounded-Book.otf in Resources */ = {isa = PBXBuildFile; fileRef = 785E9C0C1DCE1A6B000526B1 /* GothamRounded-Book.otf */; };
		785E9C231DCE2D66000526B1 /* GothamRounded-Book.otf in Resources */ = {isa = PBXBuildFile; fileRef = 785E9C0C1DCE1A6B000526B1 /* GothamRounded-Book.otf */; };
		785E9C241DCE2D69000526B1 /* GothamRounded-BookItalic.otf in Resources */ = {isa = PBXBuildFile; fileRef = 785E9C0D1DCE1A6B000526B1 /* GothamRounded-BookItalic.otf */; };
		785E9C251DCE2D6A000526B1 /* GothamRounded-BookItalic.otf in Resources */ = {isa = PBXBuildFile; fileRef = 785E9C0D1DCE1A6B000526B1 /* GothamRounded-BookItalic.otf */; };
		785E9C261DCE2D6B000526B1 /* GothamRounded-BookItalic.otf in Resources */ = {isa = PBXBuildFile; fileRef = 785E9C0D1DCE1A6B000526B1 /* GothamRounded-BookItalic.otf */; };
		785E9C271DCE2D6F000526B1 /* GothamRounded-Light.otf in Resources */ = {isa = PBXBuildFile; fileRef = 785E9C0E1DCE1A6B000526B1 /* GothamRounded-Light.otf */; };
		785E9C281DCE2D6F000526B1 /* GothamRounded-Light.otf in Resources */ = {isa = PBXBuildFile; fileRef = 785E9C0E1DCE1A6B000526B1 /* GothamRounded-Light.otf */; };
		785E9C291DCE2D70000526B1 /* GothamRounded-Light.otf in Resources */ = {isa = PBXBuildFile; fileRef = 785E9C0E1DCE1A6B000526B1 /* GothamRounded-Light.otf */; };
		785E9C2A1DCE2D74000526B1 /* GothamRounded-LightItalic.otf in Resources */ = {isa = PBXBuildFile; fileRef = 785E9C0F1DCE1A6B000526B1 /* GothamRounded-LightItalic.otf */; };
		785E9C2C1DCE2D77000526B1 /* GothamRounded-LightItalic.otf in Resources */ = {isa = PBXBuildFile; fileRef = 785E9C0F1DCE1A6B000526B1 /* GothamRounded-LightItalic.otf */; };
		785E9C2D1DCE2D78000526B1 /* GothamRounded-LightItalic.otf in Resources */ = {isa = PBXBuildFile; fileRef = 785E9C0F1DCE1A6B000526B1 /* GothamRounded-LightItalic.otf */; };
		785E9C2E1DCE2D7D000526B1 /* GothamRounded-MediumItalic.otf in Resources */ = {isa = PBXBuildFile; fileRef = 785E9C111DCE1A6B000526B1 /* GothamRounded-MediumItalic.otf */; };
		785E9C2F1DCE2D7E000526B1 /* GothamRounded-MediumItalic.otf in Resources */ = {isa = PBXBuildFile; fileRef = 785E9C111DCE1A6B000526B1 /* GothamRounded-MediumItalic.otf */; };
		785E9C301DCE2D7F000526B1 /* GothamRounded-MediumItalic.otf in Resources */ = {isa = PBXBuildFile; fileRef = 785E9C111DCE1A6B000526B1 /* GothamRounded-MediumItalic.otf */; };
		78676D1B1DA262CE00136530 /* Config.swift in Sources */ = {isa = PBXBuildFile; fileRef = 78676D1A1DA262CE00136530 /* Config.swift */; };
		78676D1D1DA262F200136530 /* Global.swift in Sources */ = {isa = PBXBuildFile; fileRef = 78676D1C1DA262F200136530 /* Global.swift */; };
		78676D1F1DA2639A00136530 /* TutorialViewController.swift in Sources */ = {isa = PBXBuildFile; fileRef = 78676D1E1DA2639A00136530 /* TutorialViewController.swift */; };
		78676D211DA2640C00136530 /* LocationManager.swift in Sources */ = {isa = PBXBuildFile; fileRef = 78676D201DA2640C00136530 /* LocationManager.swift */; };
		78676D231DA2644400136530 /* DatabaseManager.swift in Sources */ = {isa = PBXBuildFile; fileRef = 78676D221DA2644400136530 /* DatabaseManager.swift */; };
		78676D251DA2678900136530 /* Top.storyboard in Resources */ = {isa = PBXBuildFile; fileRef = 78676D241DA2678900136530 /* Top.storyboard */; };
		78676D271DA267BD00136530 /* HomeViewController.swift in Sources */ = {isa = PBXBuildFile; fileRef = 78676D261DA267BD00136530 /* HomeViewController.swift */; };
		78676D291DA267FD00136530 /* Tutorial.storyboard in Resources */ = {isa = PBXBuildFile; fileRef = 78676D281DA267FD00136530 /* Tutorial.storyboard */; };
		7887F6391DACD4B9004747D8 /* ArticleViewController.swift in Sources */ = {isa = PBXBuildFile; fileRef = 7887F6381DACD4B9004747D8 /* ArticleViewController.swift */; };
		7887F63B1DACD4C3004747D8 /* Article.storyboard in Resources */ = {isa = PBXBuildFile; fileRef = 7887F63A1DACD4C3004747D8 /* Article.storyboard */; };
		789A7ECF1DD1873500625FF5 /* arrow.png in Resources */ = {isa = PBXBuildFile; fileRef = 789A7ECE1DD1873500625FF5 /* arrow.png */; };
		78A946FF1DCF0C0100C69E97 /* TabBarController.swift in Sources */ = {isa = PBXBuildFile; fileRef = 78A946FE1DCF0C0100C69E97 /* TabBarController.swift */; };
		78A947011DCF0E8300C69E97 /* HomeNavigationController.swift in Sources */ = {isa = PBXBuildFile; fileRef = 78A947001DCF0E8300C69E97 /* HomeNavigationController.swift */; };
		78A947031DCF10AD00C69E97 /* tab_home_selected@3x.png in Resources */ = {isa = PBXBuildFile; fileRef = 78A947021DCF10AD00C69E97 /* tab_home_selected@3x.png */; };
		78A947051DCF154800C69E97 /* tab_home@3x.png in Resources */ = {isa = PBXBuildFile; fileRef = 78A947041DCF154800C69E97 /* tab_home@3x.png */; };
		78A947071DCF17E600C69E97 /* FavoriteNavigationController.swift in Sources */ = {isa = PBXBuildFile; fileRef = 78A947061DCF17E600C69E97 /* FavoriteNavigationController.swift */; };
		78A947091DCF17F400C69E97 /* SearchNavigationController.swift in Sources */ = {isa = PBXBuildFile; fileRef = 78A947081DCF17F400C69E97 /* SearchNavigationController.swift */; };
		78B921321DAC90CC00BD0C22 /* APIManager.swift in Sources */ = {isa = PBXBuildFile; fileRef = 78B921311DAC90CC00BD0C22 /* APIManager.swift */; };
		78B921341DAC9A1D00BD0C22 /* ArticleCell.swift in Sources */ = {isa = PBXBuildFile; fileRef = 78B921331DAC9A1D00BD0C22 /* ArticleCell.swift */; };
		78B921361DAC9A2E00BD0C22 /* ArticleCell.xib in Resources */ = {isa = PBXBuildFile; fileRef = 78B921351DAC9A2E00BD0C22 /* ArticleCell.xib */; };
		78BB63C71DC4972E00AA75B7 /* Common.swift in Sources */ = {isa = PBXBuildFile; fileRef = 78BB63C61DC4972E00AA75B7 /* Common.swift */; };
		78BB63C91DC49B3900AA75B7 /* AreaCell.swift in Sources */ = {isa = PBXBuildFile; fileRef = 78BB63C81DC49B3900AA75B7 /* AreaCell.swift */; };
		78BB63CB1DC49B4600AA75B7 /* AreaCell.xib in Resources */ = {isa = PBXBuildFile; fileRef = 78BB63CA1DC49B4600AA75B7 /* AreaCell.xib */; };
		78C1BF0C1D92B41E003E9E88 /* AppDelegate.swift in Sources */ = {isa = PBXBuildFile; fileRef = 78C1BF0B1D92B41E003E9E88 /* AppDelegate.swift */; };
		78C1BF131D92B41E003E9E88 /* Assets.xcassets in Resources */ = {isa = PBXBuildFile; fileRef = 78C1BF121D92B41E003E9E88 /* Assets.xcassets */; };
		78C1BF161D92B41E003E9E88 /* LaunchScreen.storyboard in Resources */ = {isa = PBXBuildFile; fileRef = 78C1BF141D92B41E003E9E88 /* LaunchScreen.storyboard */; };
		78C1BF211D92B41E003E9E88 /* CurationTests.swift in Sources */ = {isa = PBXBuildFile; fileRef = 78C1BF201D92B41E003E9E88 /* CurationTests.swift */; };
		78C1BF2C1D92B41E003E9E88 /* CurationUITests.swift in Sources */ = {isa = PBXBuildFile; fileRef = 78C1BF2B1D92B41E003E9E88 /* CurationUITests.swift */; };
/* End PBXBuildFile section */

/* Begin PBXContainerItemProxy section */
		78C1BF1D1D92B41E003E9E88 /* PBXContainerItemProxy */ = {
			isa = PBXContainerItemProxy;
			containerPortal = 78C1BF001D92B41E003E9E88 /* Project object */;
			proxyType = 1;
			remoteGlobalIDString = 78C1BF071D92B41E003E9E88;
			remoteInfo = Curation;
		};
		78C1BF281D92B41E003E9E88 /* PBXContainerItemProxy */ = {
			isa = PBXContainerItemProxy;
			containerPortal = 78C1BF001D92B41E003E9E88 /* Project object */;
			proxyType = 1;
			remoteGlobalIDString = 78C1BF071D92B41E003E9E88;
			remoteInfo = Curation;
		};
/* End PBXContainerItemProxy section */

/* Begin PBXFileReference section */
		529BB2881D0155ECB57616A9 /* Pods.debug.xcconfig */ = {isa = PBXFileReference; includeInIndex = 1; lastKnownFileType = text.xcconfig; name = Pods.debug.xcconfig; path = "Pods/Target Support Files/Pods/Pods.debug.xcconfig"; sourceTree = "<group>"; };
		7805EB491DC2F73B00C95DA9 /* FavoriteViewController.swift */ = {isa = PBXFileReference; fileEncoding = 4; lastKnownFileType = sourcecode.swift; path = FavoriteViewController.swift; sourceTree = "<group>"; };
		7805EB4B1DC2F79600C95DA9 /* FavoriteCell.swift */ = {isa = PBXFileReference; fileEncoding = 4; lastKnownFileType = sourcecode.swift; path = FavoriteCell.swift; sourceTree = "<group>"; };
		7805EB4D1DC2F7C200C95DA9 /* FavoriteCell.xib */ = {isa = PBXFileReference; fileEncoding = 4; lastKnownFileType = file.xib; path = FavoriteCell.xib; sourceTree = "<group>"; };
		7805EB4F1DC330FF00C95DA9 /* SearchViewController.swift */ = {isa = PBXFileReference; fileEncoding = 4; lastKnownFileType = sourcecode.swift; path = SearchViewController.swift; sourceTree = "<group>"; };
		7808DA9A1DD01F390014E129 /* FavoriteListViewController.swift */ = {isa = PBXFileReference; fileEncoding = 4; lastKnownFileType = sourcecode.swift; path = FavoriteListViewController.swift; sourceTree = "<group>"; };
		7808DA9C1DD01F450014E129 /* FavoriteMapViewController.swift */ = {isa = PBXFileReference; fileEncoding = 4; lastKnownFileType = sourcecode.swift; path = FavoriteMapViewController.swift; sourceTree = "<group>"; };
		7808DA9E1DD027D70014E129 /* FavoriteMapView.swift */ = {isa = PBXFileReference; fileEncoding = 4; lastKnownFileType = sourcecode.swift; path = FavoriteMapView.swift; sourceTree = "<group>"; };
		7808DAA01DD02AB40014E129 /* InformationView.swift */ = {isa = PBXFileReference; fileEncoding = 4; lastKnownFileType = sourcecode.swift; path = InformationView.swift; sourceTree = "<group>"; };
		7808DAA21DD02ABD0014E129 /* InformationView.xib */ = {isa = PBXFileReference; fileEncoding = 4; lastKnownFileType = file.xib; path = InformationView.xib; sourceTree = "<group>"; };
		7808DAA41DD031F10014E129 /* next.png */ = {isa = PBXFileReference; lastKnownFileType = image.png; name = next.png; path = assets/images/next.png; sourceTree = "<group>"; };
		7808DAA51DD031F10014E129 /* prev.png */ = {isa = PBXFileReference; lastKnownFileType = image.png; name = prev.png; path = assets/images/prev.png; sourceTree = "<group>"; };
		781841671DCF1F780000500A /* ArticleMapView.swift */ = {isa = PBXFileReference; fileEncoding = 4; lastKnownFileType = sourcecode.swift; path = ArticleMapView.swift; sourceTree = "<group>"; };
		781841691DCF1F850000500A /* ArticleMapView.xib */ = {isa = PBXFileReference; fileEncoding = 4; lastKnownFileType = file.xib; path = ArticleMapView.xib; sourceTree = "<group>"; };
		7818416B1DCF298C0000500A /* back.png */ = {isa = PBXFileReference; lastKnownFileType = image.png; name = back.png; path = assets/images/back.png; sourceTree = "<group>"; };
		7818416D1DCF2EF40000500A /* FavoriteList.storyboard */ = {isa = PBXFileReference; fileEncoding = 4; lastKnownFileType = file.storyboard; path = FavoriteList.storyboard; sourceTree = "<group>"; };
		7818416F1DCF2EFC0000500A /* FavoriteMap.storyboard */ = {isa = PBXFileReference; fileEncoding = 4; lastKnownFileType = file.storyboard; path = FavoriteMap.storyboard; sourceTree = "<group>"; };
		781841711DCF309C0000500A /* Colors.swift */ = {isa = PBXFileReference; fileEncoding = 4; lastKnownFileType = sourcecode.swift; path = Colors.swift; sourceTree = "<group>"; };
		7820361A1DC33C570045D5A6 /* SearchResultViewController.swift */ = {isa = PBXFileReference; fileEncoding = 4; lastKnownFileType = sourcecode.swift; path = SearchResultViewController.swift; sourceTree = "<group>"; };
		7820361C1DC33C610045D5A6 /* SearchResult.storyboard */ = {isa = PBXFileReference; fileEncoding = 4; lastKnownFileType = file.storyboard; path = SearchResult.storyboard; sourceTree = "<group>"; };
		782FDB041DD0B948000112CF /* rss_gray.png */ = {isa = PBXFileReference; lastKnownFileType = image.png; name = rss_gray.png; path = assets/images/rss_gray.png; sourceTree = "<group>"; };
		785E9C0A1DCE1A6B000526B1 /* GothamRounded_Bold.otf */ = {isa = PBXFileReference; lastKnownFileType = file; name = GothamRounded_Bold.otf; path = assets/fonts/GothamRounded_Bold.otf; sourceTree = "<group>"; };
		785E9C0B1DCE1A6B000526B1 /* GothamRounded-BoldItalic.otf */ = {isa = PBXFileReference; lastKnownFileType = file; name = "GothamRounded-BoldItalic.otf"; path = "assets/fonts/GothamRounded-BoldItalic.otf"; sourceTree = "<group>"; };
		785E9C0C1DCE1A6B000526B1 /* GothamRounded-Book.otf */ = {isa = PBXFileReference; lastKnownFileType = file; name = "GothamRounded-Book.otf"; path = "assets/fonts/GothamRounded-Book.otf"; sourceTree = "<group>"; };
		785E9C0D1DCE1A6B000526B1 /* GothamRounded-BookItalic.otf */ = {isa = PBXFileReference; lastKnownFileType = file; name = "GothamRounded-BookItalic.otf"; path = "assets/fonts/GothamRounded-BookItalic.otf"; sourceTree = "<group>"; };
		785E9C0E1DCE1A6B000526B1 /* GothamRounded-Light.otf */ = {isa = PBXFileReference; lastKnownFileType = file; name = "GothamRounded-Light.otf"; path = "assets/fonts/GothamRounded-Light.otf"; sourceTree = "<group>"; };
		785E9C0F1DCE1A6B000526B1 /* GothamRounded-LightItalic.otf */ = {isa = PBXFileReference; lastKnownFileType = file; name = "GothamRounded-LightItalic.otf"; path = "assets/fonts/GothamRounded-LightItalic.otf"; sourceTree = "<group>"; };
		785E9C101DCE1A6B000526B1 /* GothamRounded-Medium.otf */ = {isa = PBXFileReference; lastKnownFileType = file; name = "GothamRounded-Medium.otf"; path = "assets/fonts/GothamRounded-Medium.otf"; sourceTree = "<group>"; };
		785E9C111DCE1A6B000526B1 /* GothamRounded-MediumItalic.otf */ = {isa = PBXFileReference; lastKnownFileType = file; name = "GothamRounded-MediumItalic.otf"; path = "assets/fonts/GothamRounded-MediumItalic.otf"; sourceTree = "<group>"; };
		785E9C161DCE1D4C000526B1 /* rss.png */ = {isa = PBXFileReference; lastKnownFileType = image.png; name = rss.png; path = assets/images/rss.png; sourceTree = "<group>"; };
		78676D1A1DA262CE00136530 /* Config.swift */ = {isa = PBXFileReference; fileEncoding = 4; lastKnownFileType = sourcecode.swift; path = Config.swift; sourceTree = "<group>"; };
		78676D1C1DA262F200136530 /* Global.swift */ = {isa = PBXFileReference; fileEncoding = 4; lastKnownFileType = sourcecode.swift; path = Global.swift; sourceTree = "<group>"; };
		78676D1E1DA2639A00136530 /* TutorialViewController.swift */ = {isa = PBXFileReference; fileEncoding = 4; lastKnownFileType = sourcecode.swift; path = TutorialViewController.swift; sourceTree = "<group>"; };
		78676D201DA2640C00136530 /* LocationManager.swift */ = {isa = PBXFileReference; fileEncoding = 4; lastKnownFileType = sourcecode.swift; path = LocationManager.swift; sourceTree = "<group>"; };
		78676D221DA2644400136530 /* DatabaseManager.swift */ = {isa = PBXFileReference; fileEncoding = 4; lastKnownFileType = sourcecode.swift; path = DatabaseManager.swift; sourceTree = "<group>"; };
		78676D241DA2678900136530 /* Top.storyboard */ = {isa = PBXFileReference; fileEncoding = 4; lastKnownFileType = file.storyboard; path = Top.storyboard; sourceTree = "<group>"; };
		78676D261DA267BD00136530 /* HomeViewController.swift */ = {isa = PBXFileReference; fileEncoding = 4; lastKnownFileType = sourcecode.swift; path = HomeViewController.swift; sourceTree = "<group>"; };
		78676D281DA267FD00136530 /* Tutorial.storyboard */ = {isa = PBXFileReference; fileEncoding = 4; lastKnownFileType = file.storyboard; path = Tutorial.storyboard; sourceTree = "<group>"; };
		7887F6381DACD4B9004747D8 /* ArticleViewController.swift */ = {isa = PBXFileReference; fileEncoding = 4; lastKnownFileType = sourcecode.swift; path = ArticleViewController.swift; sourceTree = "<group>"; };
		7887F63A1DACD4C3004747D8 /* Article.storyboard */ = {isa = PBXFileReference; fileEncoding = 4; lastKnownFileType = file.storyboard; path = Article.storyboard; sourceTree = "<group>"; };
		789A7ECE1DD1873500625FF5 /* arrow.png */ = {isa = PBXFileReference; lastKnownFileType = image.png; name = arrow.png; path = assets/images/arrow.png; sourceTree = "<group>"; };
		78A946FE1DCF0C0100C69E97 /* TabBarController.swift */ = {isa = PBXFileReference; fileEncoding = 4; lastKnownFileType = sourcecode.swift; path = TabBarController.swift; sourceTree = "<group>"; };
		78A947001DCF0E8300C69E97 /* HomeNavigationController.swift */ = {isa = PBXFileReference; fileEncoding = 4; lastKnownFileType = sourcecode.swift; path = HomeNavigationController.swift; sourceTree = "<group>"; };
		78A947021DCF10AD00C69E97 /* tab_home_selected@3x.png */ = {isa = PBXFileReference; lastKnownFileType = image.png; name = "tab_home_selected@3x.png"; path = "assets/images/tab_home_selected@3x.png"; sourceTree = "<group>"; };
		78A947041DCF154800C69E97 /* tab_home@3x.png */ = {isa = PBXFileReference; lastKnownFileType = image.png; name = "tab_home@3x.png"; path = "assets/images/tab_home@3x.png"; sourceTree = "<group>"; };
		78A947061DCF17E600C69E97 /* FavoriteNavigationController.swift */ = {isa = PBXFileReference; fileEncoding = 4; lastKnownFileType = sourcecode.swift; path = FavoriteNavigationController.swift; sourceTree = "<group>"; };
		78A947081DCF17F400C69E97 /* SearchNavigationController.swift */ = {isa = PBXFileReference; fileEncoding = 4; lastKnownFileType = sourcecode.swift; path = SearchNavigationController.swift; sourceTree = "<group>"; };
		78B921311DAC90CC00BD0C22 /* APIManager.swift */ = {isa = PBXFileReference; fileEncoding = 4; lastKnownFileType = sourcecode.swift; path = APIManager.swift; sourceTree = "<group>"; };
		78B921331DAC9A1D00BD0C22 /* ArticleCell.swift */ = {isa = PBXFileReference; fileEncoding = 4; lastKnownFileType = sourcecode.swift; path = ArticleCell.swift; sourceTree = "<group>"; };
		78B921351DAC9A2E00BD0C22 /* ArticleCell.xib */ = {isa = PBXFileReference; fileEncoding = 4; lastKnownFileType = file.xib; path = ArticleCell.xib; sourceTree = "<group>"; };
		78BB63C61DC4972E00AA75B7 /* Common.swift */ = {isa = PBXFileReference; fileEncoding = 4; lastKnownFileType = sourcecode.swift; path = Common.swift; sourceTree = "<group>"; };
		78BB63C81DC49B3900AA75B7 /* AreaCell.swift */ = {isa = PBXFileReference; fileEncoding = 4; lastKnownFileType = sourcecode.swift; path = AreaCell.swift; sourceTree = "<group>"; };
		78BB63CA1DC49B4600AA75B7 /* AreaCell.xib */ = {isa = PBXFileReference; fileEncoding = 4; lastKnownFileType = file.xib; path = AreaCell.xib; sourceTree = "<group>"; };
		78C1BF081D92B41E003E9E88 /* Curation.app */ = {isa = PBXFileReference; explicitFileType = wrapper.application; includeInIndex = 0; path = Curation.app; sourceTree = BUILT_PRODUCTS_DIR; };
		78C1BF0B1D92B41E003E9E88 /* AppDelegate.swift */ = {isa = PBXFileReference; lastKnownFileType = sourcecode.swift; path = AppDelegate.swift; sourceTree = "<group>"; };
		78C1BF121D92B41E003E9E88 /* Assets.xcassets */ = {isa = PBXFileReference; lastKnownFileType = folder.assetcatalog; path = Assets.xcassets; sourceTree = "<group>"; };
		78C1BF151D92B41E003E9E88 /* Base */ = {isa = PBXFileReference; lastKnownFileType = file.storyboard; name = Base; path = Base.lproj/LaunchScreen.storyboard; sourceTree = "<group>"; };
		78C1BF171D92B41E003E9E88 /* Info.plist */ = {isa = PBXFileReference; lastKnownFileType = text.plist.xml; path = Info.plist; sourceTree = "<group>"; };
		78C1BF1C1D92B41E003E9E88 /* CurationTests.xctest */ = {isa = PBXFileReference; explicitFileType = wrapper.cfbundle; includeInIndex = 0; path = CurationTests.xctest; sourceTree = BUILT_PRODUCTS_DIR; };
		78C1BF201D92B41E003E9E88 /* CurationTests.swift */ = {isa = PBXFileReference; lastKnownFileType = sourcecode.swift; path = CurationTests.swift; sourceTree = "<group>"; };
		78C1BF221D92B41E003E9E88 /* Info.plist */ = {isa = PBXFileReference; lastKnownFileType = text.plist.xml; path = Info.plist; sourceTree = "<group>"; };
		78C1BF271D92B41E003E9E88 /* CurationUITests.xctest */ = {isa = PBXFileReference; explicitFileType = wrapper.cfbundle; includeInIndex = 0; path = CurationUITests.xctest; sourceTree = BUILT_PRODUCTS_DIR; };
		78C1BF2B1D92B41E003E9E88 /* CurationUITests.swift */ = {isa = PBXFileReference; lastKnownFileType = sourcecode.swift; path = CurationUITests.swift; sourceTree = "<group>"; };
		78C1BF2D1D92B41E003E9E88 /* Info.plist */ = {isa = PBXFileReference; lastKnownFileType = text.plist.xml; path = Info.plist; sourceTree = "<group>"; };
		ADD6E0A3824B6E185B3732F1 /* Pods.framework */ = {isa = PBXFileReference; explicitFileType = wrapper.framework; includeInIndex = 0; path = Pods.framework; sourceTree = BUILT_PRODUCTS_DIR; };
		E48D6EE84C5E34E9D5A5AB4D /* Pods.release.xcconfig */ = {isa = PBXFileReference; includeInIndex = 1; lastKnownFileType = text.xcconfig; name = Pods.release.xcconfig; path = "Pods/Target Support Files/Pods/Pods.release.xcconfig"; sourceTree = "<group>"; };
/* End PBXFileReference section */

/* Begin PBXFrameworksBuildPhase section */
		78C1BF051D92B41E003E9E88 /* Frameworks */ = {
			isa = PBXFrameworksBuildPhase;
			buildActionMask = 2147483647;
			files = (
				59C9A691A39361DD47FD045E /* Pods.framework in Frameworks */,
			);
			runOnlyForDeploymentPostprocessing = 0;
		};
		78C1BF191D92B41E003E9E88 /* Frameworks */ = {
			isa = PBXFrameworksBuildPhase;
			buildActionMask = 2147483647;
			files = (
			);
			runOnlyForDeploymentPostprocessing = 0;
		};
		78C1BF241D92B41E003E9E88 /* Frameworks */ = {
			isa = PBXFrameworksBuildPhase;
			buildActionMask = 2147483647;
			files = (
			);
			runOnlyForDeploymentPostprocessing = 0;
		};
/* End PBXFrameworksBuildPhase section */

/* Begin PBXGroup section */
		785E9C071DCE19DE000526B1 /* assets */ = {
			isa = PBXGroup;
			children = (
				785E9C091DCE19F6000526B1 /* fonts */,
				785E9C081DCE19ED000526B1 /* images */,
			);
			name = assets;
			sourceTree = "<group>";
		};
		785E9C081DCE19ED000526B1 /* images */ = {
			isa = PBXGroup;
			children = (
				789A7ECE1DD1873500625FF5 /* arrow.png */,
				782FDB041DD0B948000112CF /* rss_gray.png */,
				7808DAA41DD031F10014E129 /* next.png */,
				7808DAA51DD031F10014E129 /* prev.png */,
				7818416B1DCF298C0000500A /* back.png */,
				78A947041DCF154800C69E97 /* tab_home@3x.png */,
				78A947021DCF10AD00C69E97 /* tab_home_selected@3x.png */,
				785E9C161DCE1D4C000526B1 /* rss.png */,
			);
			name = images;
			sourceTree = "<group>";
		};
		785E9C091DCE19F6000526B1 /* fonts */ = {
			isa = PBXGroup;
			children = (
				785E9C0A1DCE1A6B000526B1 /* GothamRounded_Bold.otf */,
				785E9C0B1DCE1A6B000526B1 /* GothamRounded-BoldItalic.otf */,
				785E9C0C1DCE1A6B000526B1 /* GothamRounded-Book.otf */,
				785E9C0D1DCE1A6B000526B1 /* GothamRounded-BookItalic.otf */,
				785E9C0E1DCE1A6B000526B1 /* GothamRounded-Light.otf */,
				785E9C0F1DCE1A6B000526B1 /* GothamRounded-LightItalic.otf */,
				785E9C101DCE1A6B000526B1 /* GothamRounded-Medium.otf */,
				785E9C111DCE1A6B000526B1 /* GothamRounded-MediumItalic.otf */,
			);
			name = fonts;
			sourceTree = "<group>";
		};
		78676D161DA2628F00136530 /* model */ = {
			isa = PBXGroup;
			children = (
				78B921311DAC90CC00BD0C22 /* APIManager.swift */,
				78676D201DA2640C00136530 /* LocationManager.swift */,
				78676D221DA2644400136530 /* DatabaseManager.swift */,
				78676D1C1DA262F200136530 /* Global.swift */,
				781841711DCF309C0000500A /* Colors.swift */,
				78676D1A1DA262CE00136530 /* Config.swift */,
				78BB63C61DC4972E00AA75B7 /* Common.swift */,
			);
			path = model;
			sourceTree = "<group>";
		};
		78676D171DA2629500136530 /* view */ = {
			isa = PBXGroup;
			children = (
				78B921331DAC9A1D00BD0C22 /* ArticleCell.swift */,
				78B921351DAC9A2E00BD0C22 /* ArticleCell.xib */,
				7805EB4B1DC2F79600C95DA9 /* FavoriteCell.swift */,
				7805EB4D1DC2F7C200C95DA9 /* FavoriteCell.xib */,
				78BB63C81DC49B3900AA75B7 /* AreaCell.swift */,
				78BB63CA1DC49B4600AA75B7 /* AreaCell.xib */,
				781841671DCF1F780000500A /* ArticleMapView.swift */,
				781841691DCF1F850000500A /* ArticleMapView.xib */,
				7808DA9E1DD027D70014E129 /* FavoriteMapView.swift */,
				7808DAA01DD02AB40014E129 /* InformationView.swift */,
				7808DAA21DD02ABD0014E129 /* InformationView.xib */,
			);
			path = view;
			sourceTree = "<group>";
		};
		78676D181DA2629B00136530 /* controller */ = {
			isa = PBXGroup;
			children = (
				78676D1E1DA2639A00136530 /* TutorialViewController.swift */,
				78676D261DA267BD00136530 /* HomeViewController.swift */,
				7887F6381DACD4B9004747D8 /* ArticleViewController.swift */,
				7805EB491DC2F73B00C95DA9 /* FavoriteViewController.swift */,
				7808DA9A1DD01F390014E129 /* FavoriteListViewController.swift */,
				7808DA9C1DD01F450014E129 /* FavoriteMapViewController.swift */,
				7805EB4F1DC330FF00C95DA9 /* SearchViewController.swift */,
				7820361A1DC33C570045D5A6 /* SearchResultViewController.swift */,
				78A946FE1DCF0C0100C69E97 /* TabBarController.swift */,
				78A947001DCF0E8300C69E97 /* HomeNavigationController.swift */,
				78A947061DCF17E600C69E97 /* FavoriteNavigationController.swift */,
				78A947081DCF17F400C69E97 /* SearchNavigationController.swift */,
			);
			path = controller;
			sourceTree = "<group>";
		};
		78676D191DA262A000136530 /* storyboard */ = {
			isa = PBXGroup;
			children = (
				78676D281DA267FD00136530 /* Tutorial.storyboard */,
				78676D241DA2678900136530 /* Top.storyboard */,
				7887F63A1DACD4C3004747D8 /* Article.storyboard */,
				7820361C1DC33C610045D5A6 /* SearchResult.storyboard */,
				7818416D1DCF2EF40000500A /* FavoriteList.storyboard */,
				7818416F1DCF2EFC0000500A /* FavoriteMap.storyboard */,
			);
			path = storyboard;
			sourceTree = "<group>";
		};
		78C1BEFF1D92B41E003E9E88 = {
			isa = PBXGroup;
			children = (
				78C1BF0A1D92B41E003E9E88 /* Curation */,
				78C1BF1F1D92B41E003E9E88 /* CurationTests */,
				78C1BF2A1D92B41E003E9E88 /* CurationUITests */,
				78C1BF091D92B41E003E9E88 /* Products */,
				FAC7D9D2EBEA17DEECCC6752 /* Pods */,
				C2E360B3AC1D61306FD70280 /* Frameworks */,
			);
			sourceTree = "<group>";
		};
		78C1BF091D92B41E003E9E88 /* Products */ = {
			isa = PBXGroup;
			children = (
				78C1BF081D92B41E003E9E88 /* Curation.app */,
				78C1BF1C1D92B41E003E9E88 /* CurationTests.xctest */,
				78C1BF271D92B41E003E9E88 /* CurationUITests.xctest */,
			);
			name = Products;
			sourceTree = "<group>";
		};
		78C1BF0A1D92B41E003E9E88 /* Curation */ = {
			isa = PBXGroup;
			children = (
				78C1BF0B1D92B41E003E9E88 /* AppDelegate.swift */,
				78676D161DA2628F00136530 /* model */,
				78676D171DA2629500136530 /* view */,
				78676D181DA2629B00136530 /* controller */,
				78676D191DA262A000136530 /* storyboard */,
				78C1BF121D92B41E003E9E88 /* Assets.xcassets */,
				78C1BF141D92B41E003E9E88 /* LaunchScreen.storyboard */,
				78C1BF171D92B41E003E9E88 /* Info.plist */,
				785E9C071DCE19DE000526B1 /* assets */,
			);
			path = Curation;
			sourceTree = "<group>";
		};
		78C1BF1F1D92B41E003E9E88 /* CurationTests */ = {
			isa = PBXGroup;
			children = (
				78C1BF201D92B41E003E9E88 /* CurationTests.swift */,
				78C1BF221D92B41E003E9E88 /* Info.plist */,
			);
			path = CurationTests;
			sourceTree = "<group>";
		};
		78C1BF2A1D92B41E003E9E88 /* CurationUITests */ = {
			isa = PBXGroup;
			children = (
				78C1BF2B1D92B41E003E9E88 /* CurationUITests.swift */,
				78C1BF2D1D92B41E003E9E88 /* Info.plist */,
			);
			path = CurationUITests;
			sourceTree = "<group>";
		};
		C2E360B3AC1D61306FD70280 /* Frameworks */ = {
			isa = PBXGroup;
			children = (
				ADD6E0A3824B6E185B3732F1 /* Pods.framework */,
			);
			name = Frameworks;
			sourceTree = "<group>";
		};
		FAC7D9D2EBEA17DEECCC6752 /* Pods */ = {
			isa = PBXGroup;
			children = (
				529BB2881D0155ECB57616A9 /* Pods.debug.xcconfig */,
				E48D6EE84C5E34E9D5A5AB4D /* Pods.release.xcconfig */,
			);
			name = Pods;
			sourceTree = "<group>";
		};
/* End PBXGroup section */

/* Begin PBXNativeTarget section */
		78C1BF071D92B41E003E9E88 /* Curation */ = {
			isa = PBXNativeTarget;
			buildConfigurationList = 78C1BF301D92B41E003E9E88 /* Build configuration list for PBXNativeTarget "Curation" */;
			buildPhases = (
				771C33340613F2D3EC9A6882 /* Check Pods Manifest.lock */,
				78C1BF041D92B41E003E9E88 /* Sources */,
				78C1BF051D92B41E003E9E88 /* Frameworks */,
				78C1BF061D92B41E003E9E88 /* Resources */,
				4DBCA9E5F40E55E6BBE5DBB0 /* Embed Pods Frameworks */,
				BC7B8D940D30832109E30A72 /* Copy Pods Resources */,
			);
			buildRules = (
			);
			dependencies = (
			);
			name = Curation;
			productName = Curation;
			productReference = 78C1BF081D92B41E003E9E88 /* Curation.app */;
			productType = "com.apple.product-type.application";
		};
		78C1BF1B1D92B41E003E9E88 /* CurationTests */ = {
			isa = PBXNativeTarget;
			buildConfigurationList = 78C1BF331D92B41E003E9E88 /* Build configuration list for PBXNativeTarget "CurationTests" */;
			buildPhases = (
				78C1BF181D92B41E003E9E88 /* Sources */,
				78C1BF191D92B41E003E9E88 /* Frameworks */,
				78C1BF1A1D92B41E003E9E88 /* Resources */,
			);
			buildRules = (
			);
			dependencies = (
				78C1BF1E1D92B41E003E9E88 /* PBXTargetDependency */,
			);
			name = CurationTests;
			productName = CurationTests;
			productReference = 78C1BF1C1D92B41E003E9E88 /* CurationTests.xctest */;
			productType = "com.apple.product-type.bundle.unit-test";
		};
		78C1BF261D92B41E003E9E88 /* CurationUITests */ = {
			isa = PBXNativeTarget;
			buildConfigurationList = 78C1BF361D92B41E003E9E88 /* Build configuration list for PBXNativeTarget "CurationUITests" */;
			buildPhases = (
				78C1BF231D92B41E003E9E88 /* Sources */,
				78C1BF241D92B41E003E9E88 /* Frameworks */,
				78C1BF251D92B41E003E9E88 /* Resources */,
			);
			buildRules = (
			);
			dependencies = (
				78C1BF291D92B41E003E9E88 /* PBXTargetDependency */,
			);
			name = CurationUITests;
			productName = CurationUITests;
			productReference = 78C1BF271D92B41E003E9E88 /* CurationUITests.xctest */;
			productType = "com.apple.product-type.bundle.ui-testing";
		};
/* End PBXNativeTarget section */

/* Begin PBXProject section */
		78C1BF001D92B41E003E9E88 /* Project object */ = {
			isa = PBXProject;
			attributes = {
				LastSwiftUpdateCheck = 0730;
				LastUpgradeCheck = 0810;
				ORGANIZATIONNAME = TaigaSano;
				TargetAttributes = {
					78C1BF071D92B41E003E9E88 = {
						CreatedOnToolsVersion = 7.3;
						DevelopmentTeam = T66965A94D;
						LastSwiftMigration = 0800;
						SystemCapabilities = {
							com.apple.BackgroundModes = {
								enabled = 1;
							};
						};
					};
					78C1BF1B1D92B41E003E9E88 = {
						CreatedOnToolsVersion = 7.3;
						DevelopmentTeam = T66965A94D;
						LastSwiftMigration = 0800;
						TestTargetID = 78C1BF071D92B41E003E9E88;
					};
					78C1BF261D92B41E003E9E88 = {
						CreatedOnToolsVersion = 7.3;
						DevelopmentTeam = T66965A94D;
						LastSwiftMigration = 0800;
						TestTargetID = 78C1BF071D92B41E003E9E88;
					};
				};
			};
			buildConfigurationList = 78C1BF031D92B41E003E9E88 /* Build configuration list for PBXProject "Curation" */;
			compatibilityVersion = "Xcode 3.2";
			developmentRegion = English;
			hasScannedForEncodings = 0;
			knownRegions = (
				en,
				Base,
			);
			mainGroup = 78C1BEFF1D92B41E003E9E88;
			productRefGroup = 78C1BF091D92B41E003E9E88 /* Products */;
			projectDirPath = "";
			projectRoot = "";
			targets = (
				78C1BF071D92B41E003E9E88 /* Curation */,
				78C1BF1B1D92B41E003E9E88 /* CurationTests */,
				78C1BF261D92B41E003E9E88 /* CurationUITests */,
			);
		};
/* End PBXProject section */

/* Begin PBXResourcesBuildPhase section */
		78C1BF061D92B41E003E9E88 /* Resources */ = {
			isa = PBXResourcesBuildPhase;
			buildActionMask = 2147483647;
			files = (
				7808DAA31DD02ABD0014E129 /* InformationView.xib in Resources */,
				789A7ECF1DD1873500625FF5 /* arrow.png in Resources */,
				785E9C211DCE2D64000526B1 /* GothamRounded-Book.otf in Resources */,
				7808DAA71DD031F10014E129 /* prev.png in Resources */,
				785E9C181DCE2CFD000526B1 /* GothamRounded-Medium.otf in Resources */,
				785E9C171DCE1D4C000526B1 /* rss.png in Resources */,
				78C1BF161D92B41E003E9E88 /* LaunchScreen.storyboard in Resources */,
				7818416A1DCF1F850000500A /* ArticleMapView.xib in Resources */,
				785E9C271DCE2D6F000526B1 /* GothamRounded-Light.otf in Resources */,
				7820361D1DC33C610045D5A6 /* SearchResult.storyboard in Resources */,
				7887F63B1DACD4C3004747D8 /* Article.storyboard in Resources */,
				785E9C2A1DCE2D74000526B1 /* GothamRounded-LightItalic.otf in Resources */,
				7818416E1DCF2EF40000500A /* FavoriteList.storyboard in Resources */,
				785E9C241DCE2D69000526B1 /* GothamRounded-BookItalic.otf in Resources */,
				7808DAA61DD031F10014E129 /* next.png in Resources */,
				781841701DCF2EFC0000500A /* FavoriteMap.storyboard in Resources */,
				78C1BF131D92B41E003E9E88 /* Assets.xcassets in Resources */,
				785E9C1B1DCE2D5B000526B1 /* GothamRounded_Bold.otf in Resources */,
				78676D291DA267FD00136530 /* Tutorial.storyboard in Resources */,
				785E9C2E1DCE2D7D000526B1 /* GothamRounded-MediumItalic.otf in Resources */,
				78B921361DAC9A2E00BD0C22 /* ArticleCell.xib in Resources */,
				78676D251DA2678900136530 /* Top.storyboard in Resources */,
				782FDB051DD0B948000112CF /* rss_gray.png in Resources */,
				7805EB4E1DC2F7C200C95DA9 /* FavoriteCell.xib in Resources */,
				78A947051DCF154800C69E97 /* tab_home@3x.png in Resources */,
				7818416C1DCF298C0000500A /* back.png in Resources */,
				78BB63CB1DC49B4600AA75B7 /* AreaCell.xib in Resources */,
				78A947031DCF10AD00C69E97 /* tab_home_selected@3x.png in Resources */,
				785E9C1E1DCE2D5F000526B1 /* GothamRounded-BoldItalic.otf in Resources */,
			);
			runOnlyForDeploymentPostprocessing = 0;
		};
		78C1BF1A1D92B41E003E9E88 /* Resources */ = {
			isa = PBXResourcesBuildPhase;
			buildActionMask = 2147483647;
			files = (
				785E9C281DCE2D6F000526B1 /* GothamRounded-Light.otf in Resources */,
				785E9C1F1DCE2D60000526B1 /* GothamRounded-BoldItalic.otf in Resources */,
				785E9C2F1DCE2D7E000526B1 /* GothamRounded-MediumItalic.otf in Resources */,
				785E9C251DCE2D6A000526B1 /* GothamRounded-BookItalic.otf in Resources */,
				785E9C2D1DCE2D78000526B1 /* GothamRounded-LightItalic.otf in Resources */,
				785E9C1C1DCE2D5C000526B1 /* GothamRounded_Bold.otf in Resources */,
				785E9C221DCE2D65000526B1 /* GothamRounded-Book.otf in Resources */,
				785E9C191DCE2CFE000526B1 /* GothamRounded-Medium.otf in Resources */,
			);
			runOnlyForDeploymentPostprocessing = 0;
		};
		78C1BF251D92B41E003E9E88 /* Resources */ = {
			isa = PBXResourcesBuildPhase;
			buildActionMask = 2147483647;
			files = (
				785E9C291DCE2D70000526B1 /* GothamRounded-Light.otf in Resources */,
				785E9C201DCE2D61000526B1 /* GothamRounded-BoldItalic.otf in Resources */,
				785E9C301DCE2D7F000526B1 /* GothamRounded-MediumItalic.otf in Resources */,
				785E9C261DCE2D6B000526B1 /* GothamRounded-BookItalic.otf in Resources */,
				785E9C2C1DCE2D77000526B1 /* GothamRounded-LightItalic.otf in Resources */,
				785E9C1D1DCE2D5C000526B1 /* GothamRounded_Bold.otf in Resources */,
				785E9C231DCE2D66000526B1 /* GothamRounded-Book.otf in Resources */,
				785E9C1A1DCE2CFE000526B1 /* GothamRounded-Medium.otf in Resources */,
			);
			runOnlyForDeploymentPostprocessing = 0;
		};
/* End PBXResourcesBuildPhase section */

/* Begin PBXShellScriptBuildPhase section */
		4DBCA9E5F40E55E6BBE5DBB0 /* Embed Pods Frameworks */ = {
			isa = PBXShellScriptBuildPhase;
			buildActionMask = 2147483647;
			files = (
			);
			inputPaths = (
			);
			name = "Embed Pods Frameworks";
			outputPaths = (
			);
			runOnlyForDeploymentPostprocessing = 0;
			shellPath = /bin/sh;
			shellScript = "\"${SRCROOT}/Pods/Target Support Files/Pods/Pods-frameworks.sh\"\n";
			showEnvVarsInLog = 0;
		};
		771C33340613F2D3EC9A6882 /* Check Pods Manifest.lock */ = {
			isa = PBXShellScriptBuildPhase;
			buildActionMask = 2147483647;
			files = (
			);
			inputPaths = (
			);
			name = "Check Pods Manifest.lock";
			outputPaths = (
			);
			runOnlyForDeploymentPostprocessing = 0;
			shellPath = /bin/sh;
			shellScript = "diff \"${PODS_ROOT}/../Podfile.lock\" \"${PODS_ROOT}/Manifest.lock\" > /dev/null\nif [[ $? != 0 ]] ; then\n    cat << EOM\nerror: The sandbox is not in sync with the Podfile.lock. Run 'pod install' or update your CocoaPods installation.\nEOM\n    exit 1\nfi\n";
			showEnvVarsInLog = 0;
		};
		BC7B8D940D30832109E30A72 /* Copy Pods Resources */ = {
			isa = PBXShellScriptBuildPhase;
			buildActionMask = 2147483647;
			files = (
			);
			inputPaths = (
			);
			name = "Copy Pods Resources";
			outputPaths = (
			);
			runOnlyForDeploymentPostprocessing = 0;
			shellPath = /bin/sh;
			shellScript = "\"${SRCROOT}/Pods/Target Support Files/Pods/Pods-resources.sh\"\n";
			showEnvVarsInLog = 0;
		};
/* End PBXShellScriptBuildPhase section */

/* Begin PBXSourcesBuildPhase section */
		78C1BF041D92B41E003E9E88 /* Sources */ = {
			isa = PBXSourcesBuildPhase;
			buildActionMask = 2147483647;
			files = (
				7805EB4A1DC2F73B00C95DA9 /* FavoriteViewController.swift in Sources */,
				78676D1D1DA262F200136530 /* Global.swift in Sources */,
				781841681DCF1F780000500A /* ArticleMapView.swift in Sources */,
				78A947091DCF17F400C69E97 /* SearchNavigationController.swift in Sources */,
				78BB63C91DC49B3900AA75B7 /* AreaCell.swift in Sources */,
				78676D211DA2640C00136530 /* LocationManager.swift in Sources */,
				78A947011DCF0E8300C69E97 /* HomeNavigationController.swift in Sources */,
				78676D1F1DA2639A00136530 /* TutorialViewController.swift in Sources */,
				78C1BF0C1D92B41E003E9E88 /* AppDelegate.swift in Sources */,
				7808DA9F1DD027D70014E129 /* FavoriteMapView.swift in Sources */,
				78A946FF1DCF0C0100C69E97 /* TabBarController.swift in Sources */,
				78676D1B1DA262CE00136530 /* Config.swift in Sources */,
				7805EB501DC330FF00C95DA9 /* SearchViewController.swift in Sources */,
				78B921341DAC9A1D00BD0C22 /* ArticleCell.swift in Sources */,
				781841721DCF309C0000500A /* Colors.swift in Sources */,
				78A947071DCF17E600C69E97 /* FavoriteNavigationController.swift in Sources */,
				78676D231DA2644400136530 /* DatabaseManager.swift in Sources */,
				7887F6391DACD4B9004747D8 /* ArticleViewController.swift in Sources */,
				7805EB4C1DC2F79600C95DA9 /* FavoriteCell.swift in Sources */,
				78B921321DAC90CC00BD0C22 /* APIManager.swift in Sources */,
				78676D271DA267BD00136530 /* HomeViewController.swift in Sources */,
				78BB63C71DC4972E00AA75B7 /* Common.swift in Sources */,
				7820361B1DC33C570045D5A6 /* SearchResultViewController.swift in Sources */,
				7808DAA11DD02AB40014E129 /* InformationView.swift in Sources */,
				7808DA9B1DD01F390014E129 /* FavoriteListViewController.swift in Sources */,
				7808DA9D1DD01F450014E129 /* FavoriteMapViewController.swift in Sources */,
			);
			runOnlyForDeploymentPostprocessing = 0;
		};
		78C1BF181D92B41E003E9E88 /* Sources */ = {
			isa = PBXSourcesBuildPhase;
			buildActionMask = 2147483647;
			files = (
				78C1BF211D92B41E003E9E88 /* CurationTests.swift in Sources */,
			);
			runOnlyForDeploymentPostprocessing = 0;
		};
		78C1BF231D92B41E003E9E88 /* Sources */ = {
			isa = PBXSourcesBuildPhase;
			buildActionMask = 2147483647;
			files = (
				78C1BF2C1D92B41E003E9E88 /* CurationUITests.swift in Sources */,
			);
			runOnlyForDeploymentPostprocessing = 0;
		};
/* End PBXSourcesBuildPhase section */

/* Begin PBXTargetDependency section */
		78C1BF1E1D92B41E003E9E88 /* PBXTargetDependency */ = {
			isa = PBXTargetDependency;
			target = 78C1BF071D92B41E003E9E88 /* Curation */;
			targetProxy = 78C1BF1D1D92B41E003E9E88 /* PBXContainerItemProxy */;
		};
		78C1BF291D92B41E003E9E88 /* PBXTargetDependency */ = {
			isa = PBXTargetDependency;
			target = 78C1BF071D92B41E003E9E88 /* Curation */;
			targetProxy = 78C1BF281D92B41E003E9E88 /* PBXContainerItemProxy */;
		};
/* End PBXTargetDependency section */

/* Begin PBXVariantGroup section */
		78C1BF141D92B41E003E9E88 /* LaunchScreen.storyboard */ = {
			isa = PBXVariantGroup;
			children = (
				78C1BF151D92B41E003E9E88 /* Base */,
			);
			name = LaunchScreen.storyboard;
			sourceTree = "<group>";
		};
/* End PBXVariantGroup section */

/* Begin XCBuildConfiguration section */
		78C1BF2E1D92B41E003E9E88 /* Debug */ = {
			isa = XCBuildConfiguration;
			buildSettings = {
				ALWAYS_SEARCH_USER_PATHS = NO;
				CLANG_ANALYZER_NONNULL = YES;
				CLANG_CXX_LANGUAGE_STANDARD = "gnu++0x";
				CLANG_CXX_LIBRARY = "libc++";
				CLANG_ENABLE_MODULES = YES;
				CLANG_ENABLE_OBJC_ARC = YES;
				CLANG_WARN_BOOL_CONVERSION = YES;
				CLANG_WARN_CONSTANT_CONVERSION = YES;
				CLANG_WARN_DIRECT_OBJC_ISA_USAGE = YES_ERROR;
				CLANG_WARN_EMPTY_BODY = YES;
				CLANG_WARN_ENUM_CONVERSION = YES;
				CLANG_WARN_INFINITE_RECURSION = YES;
				CLANG_WARN_INT_CONVERSION = YES;
				CLANG_WARN_OBJC_ROOT_CLASS = YES_ERROR;
				CLANG_WARN_SUSPICIOUS_MOVE = YES;
				CLANG_WARN_UNREACHABLE_CODE = YES;
				CLANG_WARN__DUPLICATE_METHOD_MATCH = YES;
				"CODE_SIGN_IDENTITY[sdk=iphoneos*]" = "iPhone Developer";
				COPY_PHASE_STRIP = NO;
				DEBUG_INFORMATION_FORMAT = dwarf;
				ENABLE_STRICT_OBJC_MSGSEND = YES;
				ENABLE_TESTABILITY = YES;
				GCC_C_LANGUAGE_STANDARD = gnu99;
				GCC_DYNAMIC_NO_PIC = NO;
				GCC_NO_COMMON_BLOCKS = YES;
				GCC_OPTIMIZATION_LEVEL = 0;
				GCC_PREPROCESSOR_DEFINITIONS = (
					"DEBUG=1",
					"$(inherited)",
				);
				GCC_WARN_64_TO_32_BIT_CONVERSION = YES;
				GCC_WARN_ABOUT_RETURN_TYPE = YES_ERROR;
				GCC_WARN_UNDECLARED_SELECTOR = YES;
				GCC_WARN_UNINITIALIZED_AUTOS = YES_AGGRESSIVE;
				GCC_WARN_UNUSED_FUNCTION = YES;
				GCC_WARN_UNUSED_VARIABLE = YES;
				IPHONEOS_DEPLOYMENT_TARGET = 9.3;
				MTL_ENABLE_DEBUG_INFO = YES;
				ONLY_ACTIVE_ARCH = YES;
				SDKROOT = iphoneos;
				SWIFT_OPTIMIZATION_LEVEL = "-Onone";
			};
			name = Debug;
		};
		78C1BF2F1D92B41E003E9E88 /* Release */ = {
			isa = XCBuildConfiguration;
			buildSettings = {
				ALWAYS_SEARCH_USER_PATHS = NO;
				CLANG_ANALYZER_NONNULL = YES;
				CLANG_CXX_LANGUAGE_STANDARD = "gnu++0x";
				CLANG_CXX_LIBRARY = "libc++";
				CLANG_ENABLE_MODULES = YES;
				CLANG_ENABLE_OBJC_ARC = YES;
				CLANG_WARN_BOOL_CONVERSION = YES;
				CLANG_WARN_CONSTANT_CONVERSION = YES;
				CLANG_WARN_DIRECT_OBJC_ISA_USAGE = YES_ERROR;
				CLANG_WARN_EMPTY_BODY = YES;
				CLANG_WARN_ENUM_CONVERSION = YES;
				CLANG_WARN_INFINITE_RECURSION = YES;
				CLANG_WARN_INT_CONVERSION = YES;
				CLANG_WARN_OBJC_ROOT_CLASS = YES_ERROR;
				CLANG_WARN_SUSPICIOUS_MOVE = YES;
				CLANG_WARN_UNREACHABLE_CODE = YES;
				CLANG_WARN__DUPLICATE_METHOD_MATCH = YES;
				"CODE_SIGN_IDENTITY[sdk=iphoneos*]" = "iPhone Developer";
				COPY_PHASE_STRIP = NO;
				DEBUG_INFORMATION_FORMAT = "dwarf-with-dsym";
				ENABLE_NS_ASSERTIONS = NO;
				ENABLE_STRICT_OBJC_MSGSEND = YES;
				GCC_C_LANGUAGE_STANDARD = gnu99;
				GCC_NO_COMMON_BLOCKS = YES;
				GCC_WARN_64_TO_32_BIT_CONVERSION = YES;
				GCC_WARN_ABOUT_RETURN_TYPE = YES_ERROR;
				GCC_WARN_UNDECLARED_SELECTOR = YES;
				GCC_WARN_UNINITIALIZED_AUTOS = YES_AGGRESSIVE;
				GCC_WARN_UNUSED_FUNCTION = YES;
				GCC_WARN_UNUSED_VARIABLE = YES;
				IPHONEOS_DEPLOYMENT_TARGET = 9.3;
				MTL_ENABLE_DEBUG_INFO = NO;
				SDKROOT = iphoneos;
				SWIFT_OPTIMIZATION_LEVEL = "-Owholemodule";
				VALIDATE_PRODUCT = YES;
			};
			name = Release;
		};
		78C1BF311D92B41E003E9E88 /* Debug */ = {
			isa = XCBuildConfiguration;
			baseConfigurationReference = 529BB2881D0155ECB57616A9 /* Pods.debug.xcconfig */;
			buildSettings = {
				ALWAYS_EMBED_SWIFT_STANDARD_LIBRARIES = YES;
				ASSETCATALOG_COMPILER_APPICON_NAME = AppIcon;
				DEVELOPMENT_TEAM = T66965A94D;
				INFOPLIST_FILE = Curation/Info.plist;
				IPHONEOS_DEPLOYMENT_TARGET = 8.2;
				LD_RUNPATH_SEARCH_PATHS = "$(inherited) @executable_path/Frameworks";
				PRODUCT_BUNDLE_IDENTIFIER = TaigaSano.Curation;
				PRODUCT_NAME = "$(TARGET_NAME)";
				SWIFT_VERSION = 3.0;
			};
			name = Debug;
		};
		78C1BF321D92B41E003E9E88 /* Release */ = {
			isa = XCBuildConfiguration;
			baseConfigurationReference = E48D6EE84C5E34E9D5A5AB4D /* Pods.release.xcconfig */;
			buildSettings = {
				ALWAYS_EMBED_SWIFT_STANDARD_LIBRARIES = YES;
				ASSETCATALOG_COMPILER_APPICON_NAME = AppIcon;
				DEVELOPMENT_TEAM = T66965A94D;
				INFOPLIST_FILE = Curation/Info.plist;
				IPHONEOS_DEPLOYMENT_TARGET = 8.2;
				LD_RUNPATH_SEARCH_PATHS = "$(inherited) @executable_path/Frameworks";
				PRODUCT_BUNDLE_IDENTIFIER = TaigaSano.Curation;
				PRODUCT_NAME = "$(TARGET_NAME)";
				SWIFT_VERSION = 3.0;
			};
			name = Release;
		};
		78C1BF341D92B41E003E9E88 /* Debug */ = {
			isa = XCBuildConfiguration;
			buildSettings = {
				BUNDLE_LOADER = "$(TEST_HOST)";
				DEVELOPMENT_TEAM = T66965A94D;
				INFOPLIST_FILE = CurationTests/Info.plist;
				LD_RUNPATH_SEARCH_PATHS = "$(inherited) @executable_path/Frameworks @loader_path/Frameworks";
				PRODUCT_BUNDLE_IDENTIFIER = TaigaSano.CurationTests;
				PRODUCT_NAME = "$(TARGET_NAME)";
				SWIFT_VERSION = 3.0;
				TEST_HOST = "$(BUILT_PRODUCTS_DIR)/Curation.app/Curation";
			};
			name = Debug;
		};
		78C1BF351D92B41E003E9E88 /* Release */ = {
			isa = XCBuildConfiguration;
			buildSettings = {
				BUNDLE_LOADER = "$(TEST_HOST)";
				DEVELOPMENT_TEAM = T66965A94D;
				INFOPLIST_FILE = CurationTests/Info.plist;
				LD_RUNPATH_SEARCH_PATHS = "$(inherited) @executable_path/Frameworks @loader_path/Frameworks";
				PRODUCT_BUNDLE_IDENTIFIER = TaigaSano.CurationTests;
				PRODUCT_NAME = "$(TARGET_NAME)";
				SWIFT_VERSION = 3.0;
				TEST_HOST = "$(BUILT_PRODUCTS_DIR)/Curation.app/Curation";
			};
			name = Release;
		};
		78C1BF371D92B41E003E9E88 /* Debug */ = {
			isa = XCBuildConfiguration;
			buildSettings = {
				DEVELOPMENT_TEAM = T66965A94D;
				INFOPLIST_FILE = CurationUITests/Info.plist;
				LD_RUNPATH_SEARCH_PATHS = "$(inherited) @executable_path/Frameworks @loader_path/Frameworks";
				PRODUCT_BUNDLE_IDENTIFIER = TaigaSano.CurationUITests;
				PRODUCT_NAME = "$(TARGET_NAME)";
				SWIFT_VERSION = 3.0;
				TEST_TARGET_NAME = Curation;
			};
			name = Debug;
		};
		78C1BF381D92B41E003E9E88 /* Release */ = {
			isa = XCBuildConfiguration;
			buildSettings = {
				DEVELOPMENT_TEAM = T66965A94D;
				INFOPLIST_FILE = CurationUITests/Info.plist;
				LD_RUNPATH_SEARCH_PATHS = "$(inherited) @executable_path/Frameworks @loader_path/Frameworks";
				PRODUCT_BUNDLE_IDENTIFIER = TaigaSano.CurationUITests;
				PRODUCT_NAME = "$(TARGET_NAME)";
				SWIFT_VERSION = 3.0;
				TEST_TARGET_NAME = Curation;
			};
			name = Release;
		};
/* End XCBuildConfiguration section */

/* Begin XCConfigurationList section */
		78C1BF031D92B41E003E9E88 /* Build configuration list for PBXProject "Curation" */ = {
			isa = XCConfigurationList;
			buildConfigurations = (
				78C1BF2E1D92B41E003E9E88 /* Debug */,
				78C1BF2F1D92B41E003E9E88 /* Release */,
			);
			defaultConfigurationIsVisible = 0;
			defaultConfigurationName = Release;
		};
		78C1BF301D92B41E003E9E88 /* Build configuration list for PBXNativeTarget "Curation" */ = {
			isa = XCConfigurationList;
			buildConfigurations = (
				78C1BF311D92B41E003E9E88 /* Debug */,
				78C1BF321D92B41E003E9E88 /* Release */,
			);
			defaultConfigurationIsVisible = 0;
			defaultConfigurationName = Release;
		};
		78C1BF331D92B41E003E9E88 /* Build configuration list for PBXNativeTarget "CurationTests" */ = {
			isa = XCConfigurationList;
			buildConfigurations = (
				78C1BF341D92B41E003E9E88 /* Debug */,
				78C1BF351D92B41E003E9E88 /* Release */,
			);
			defaultConfigurationIsVisible = 0;
			defaultConfigurationName = Release;
		};
		78C1BF361D92B41E003E9E88 /* Build configuration list for PBXNativeTarget "CurationUITests" */ = {
			isa = XCConfigurationList;
			buildConfigurations = (
				78C1BF371D92B41E003E9E88 /* Debug */,
				78C1BF381D92B41E003E9E88 /* Release */,
			);
			defaultConfigurationIsVisible = 0;
			defaultConfigurationName = Release;
		};
/* End XCConfigurationList section */
	};
	rootObject = 78C1BF001D92B41E003E9E88 /* Project object */;
}
